// !$*UTF8*$!
{
	archiveVersion = 1;
	classes = {
	};
	objectVersion = 50;
	objects = {

/* Begin PBXBuildFile section */
		0F3E71E69A83E56F4C263CA5 /* Pods_Darksee.framework in Frameworks */ = {isa = PBXBuildFile; fileRef = 11D12A7604C61EE6D92942FA /* Pods_Darksee.framework */; };
		C96EA3C228C508BD006264E5 /* MainConfigurator.swift in Sources */ = {isa = PBXBuildFile; fileRef = C96EA3B828C508BD006264E5 /* MainConfigurator.swift */; };
		C96EA3C328C508BD006264E5 /* MainViewController.swift in Sources */ = {isa = PBXBuildFile; fileRef = C96EA3B928C508BD006264E5 /* MainViewController.swift */; };
		C96EA3C428C508BD006264E5 /* MainInteractor.swift in Sources */ = {isa = PBXBuildFile; fileRef = C96EA3BA28C508BD006264E5 /* MainInteractor.swift */; };
		C96EA3C528C508BD006264E5 /* MainPresenter.swift in Sources */ = {isa = PBXBuildFile; fileRef = C96EA3BB28C508BD006264E5 /* MainPresenter.swift */; };
		C96EA3C628C508BD006264E5 /* MainRouter.swift in Sources */ = {isa = PBXBuildFile; fileRef = C96EA3BC28C508BD006264E5 /* MainRouter.swift */; };
		C96EA3C728C508BD006264E5 /* MainWorker.swift in Sources */ = {isa = PBXBuildFile; fileRef = C96EA3BD28C508BD006264E5 /* MainWorker.swift */; };
		C96EA3C828C508BD006264E5 /* MainModels.swift in Sources */ = {isa = PBXBuildFile; fileRef = C96EA3BE28C508BD006264E5 /* MainModels.swift */; };
		C96EA3C928C508BD006264E5 /* MainViews.swift in Sources */ = {isa = PBXBuildFile; fileRef = C96EA3C028C508BD006264E5 /* MainViews.swift */; };
		C96EA3CA28C508BD006264E5 /* MainViews+RootView.swift in Sources */ = {isa = PBXBuildFile; fileRef = C96EA3C128C508BD006264E5 /* MainViews+RootView.swift */; };
		C96EA3E328C50936006264E5 /* PreviewMetalView.swift in Sources */ = {isa = PBXBuildFile; fileRef = C96EA3E228C50936006264E5 /* PreviewMetalView.swift */; };
		C96EA3E828C50997006264E5 /* FilterRenderer.swift in Sources */ = {isa = PBXBuildFile; fileRef = C96EA3E728C50997006264E5 /* FilterRenderer.swift */; };
		C96EA3EB28C50A14006264E5 /* DepthToJETConverter.swift in Sources */ = {isa = PBXBuildFile; fileRef = C96EA3EA28C50A14006264E5 /* DepthToJETConverter.swift */; };
		C96EA3F428C50A61006264E5 /* PointCloud.metal in Sources */ = {isa = PBXBuildFile; fileRef = C96EA3F028C50A61006264E5 /* PointCloud.metal */; };
		C96EA3F528C50A61006264E5 /* Mixer.metal in Sources */ = {isa = PBXBuildFile; fileRef = C96EA3F128C50A61006264E5 /* Mixer.metal */; };
		C96EA3F628C50A61006264E5 /* DepthToJET.metal in Sources */ = {isa = PBXBuildFile; fileRef = C96EA3F228C50A61006264E5 /* DepthToJET.metal */; };
		C96EA3F728C50A61006264E5 /* PassThrough.metal in Sources */ = {isa = PBXBuildFile; fileRef = C96EA3F328C50A61006264E5 /* PassThrough.metal */; };
		C96EA3F928C50FC0006264E5 /* PreviewMetalView+Rotation.swift in Sources */ = {isa = PBXBuildFile; fileRef = C96EA3F828C50FC0006264E5 /* PreviewMetalView+Rotation.swift */; };
		C96EA3FF28C5107B006264E5 /* AVCaptureVideoOrientation+Orientation.swift in Sources */ = {isa = PBXBuildFile; fileRef = C96EA3FE28C5107B006264E5 /* AVCaptureVideoOrientation+Orientation.swift */; };
		C96EA40228C51269006264E5 /* MakeDefaultView.swift in Sources */ = {isa = PBXBuildFile; fileRef = C96EA40128C51269006264E5 /* MakeDefaultView.swift */; };
		C96EA40528C5130E006264E5 /* CustomError.swift in Sources */ = {isa = PBXBuildFile; fileRef = C96EA40428C5130E006264E5 /* CustomError.swift */; };
		C96EA40728C5136E006264E5 /* AnyPublisher+Shorthands.swift in Sources */ = {isa = PBXBuildFile; fileRef = C96EA40628C5136E006264E5 /* AnyPublisher+Shorthands.swift */; };
		C96EA40F28C5270F006264E5 /* HistogramCalculator.m in Sources */ = {isa = PBXBuildFile; fileRef = C96EA40D28C5270F006264E5 /* HistogramCalculator.m */; };
		C96EA41528C52730006264E5 /* AAPLTransforms.mm in Sources */ = {isa = PBXBuildFile; fileRef = C96EA41228C52730006264E5 /* AAPLTransforms.mm */; };
		C96EA41628C52730006264E5 /* PointCloudMetalView.mm in Sources */ = {isa = PBXBuildFile; fileRef = C96EA41428C52730006264E5 /* PointCloudMetalView.mm */; };
		C96EA41A28C56330006264E5 /* RoundedButtonView.swift in Sources */ = {isa = PBXBuildFile; fileRef = C96EA41928C56330006264E5 /* RoundedButtonView.swift */; };
		C96EA41C28C56DEF006264E5 /* ScreenBrightness.swift in Sources */ = {isa = PBXBuildFile; fileRef = C96EA41B28C56DEF006264E5 /* ScreenBrightness.swift */; };
		C96EA42D28C57AC0006264E5 /* ErrorViewController.swift in Sources */ = {isa = PBXBuildFile; fileRef = C96EA42328C57AC0006264E5 /* ErrorViewController.swift */; };
		C96EA43028C57AC0006264E5 /* ErrorViews.swift in Sources */ = {isa = PBXBuildFile; fileRef = C96EA42728C57AC0006264E5 /* ErrorViews.swift */; };
		C96EA43128C57AC0006264E5 /* ErrorViews+RootView.swift in Sources */ = {isa = PBXBuildFile; fileRef = C96EA42828C57AC0006264E5 /* ErrorViews+RootView.swift */; };
		C96EA43228C57AC0006264E5 /* ErrorConfigurator.swift in Sources */ = {isa = PBXBuildFile; fileRef = C96EA42928C57AC0006264E5 /* ErrorConfigurator.swift */; };
		F42DE606260CF7ED00FBB988 /* README.md in Resources */ = {isa = PBXBuildFile; fileRef = F42DE605260CF7ED00FBB988 /* README.md */; };
		F443AE4B2606C42C00057CAC /* AppDelegate.swift in Sources */ = {isa = PBXBuildFile; fileRef = F443AE4A2606C42C00057CAC /* AppDelegate.swift */; };
		F443AE4D2606C42C00057CAC /* SceneDelegate.swift in Sources */ = {isa = PBXBuildFile; fileRef = F443AE4C2606C42C00057CAC /* SceneDelegate.swift */; };
		F443AE542606C42E00057CAC /* Assets.xcassets in Resources */ = {isa = PBXBuildFile; fileRef = F443AE532606C42E00057CAC /* Assets.xcassets */; };
		F443AE572606C42E00057CAC /* LaunchScreen.storyboard in Resources */ = {isa = PBXBuildFile; fileRef = F443AE552606C42E00057CAC /* LaunchScreen.storyboard */; };
/* End PBXBuildFile section */

/* Begin PBXFileReference section */
		11D12A7604C61EE6D92942FA /* Pods_Darksee.framework */ = {isa = PBXFileReference; explicitFileType = wrapper.framework; includeInIndex = 0; path = Pods_Darksee.framework; sourceTree = BUILT_PRODUCTS_DIR; };
		3FF52E95972B0DC8330AD85D /* Pods-Darksee.release.xcconfig */ = {isa = PBXFileReference; includeInIndex = 1; lastKnownFileType = text.xcconfig; name = "Pods-Darksee.release.xcconfig"; path = "Target Support Files/Pods-Darksee/Pods-Darksee.release.xcconfig"; sourceTree = "<group>"; };
		C96EA3B828C508BD006264E5 /* MainConfigurator.swift */ = {isa = PBXFileReference; fileEncoding = 4; lastKnownFileType = sourcecode.swift; path = MainConfigurator.swift; sourceTree = "<group>"; };
		C96EA3B928C508BD006264E5 /* MainViewController.swift */ = {isa = PBXFileReference; fileEncoding = 4; lastKnownFileType = sourcecode.swift; path = MainViewController.swift; sourceTree = "<group>"; };
		C96EA3BA28C508BD006264E5 /* MainInteractor.swift */ = {isa = PBXFileReference; fileEncoding = 4; lastKnownFileType = sourcecode.swift; path = MainInteractor.swift; sourceTree = "<group>"; };
		C96EA3BB28C508BD006264E5 /* MainPresenter.swift */ = {isa = PBXFileReference; fileEncoding = 4; lastKnownFileType = sourcecode.swift; path = MainPresenter.swift; sourceTree = "<group>"; };
		C96EA3BC28C508BD006264E5 /* MainRouter.swift */ = {isa = PBXFileReference; fileEncoding = 4; lastKnownFileType = sourcecode.swift; path = MainRouter.swift; sourceTree = "<group>"; };
		C96EA3BD28C508BD006264E5 /* MainWorker.swift */ = {isa = PBXFileReference; fileEncoding = 4; lastKnownFileType = sourcecode.swift; path = MainWorker.swift; sourceTree = "<group>"; };
		C96EA3BE28C508BD006264E5 /* MainModels.swift */ = {isa = PBXFileReference; fileEncoding = 4; lastKnownFileType = sourcecode.swift; path = MainModels.swift; sourceTree = "<group>"; };
		C96EA3C028C508BD006264E5 /* MainViews.swift */ = {isa = PBXFileReference; fileEncoding = 4; lastKnownFileType = sourcecode.swift; path = MainViews.swift; sourceTree = "<group>"; };
		C96EA3C128C508BD006264E5 /* MainViews+RootView.swift */ = {isa = PBXFileReference; fileEncoding = 4; lastKnownFileType = sourcecode.swift; path = "MainViews+RootView.swift"; sourceTree = "<group>"; };
		C96EA3E228C50936006264E5 /* PreviewMetalView.swift */ = {isa = PBXFileReference; lastKnownFileType = sourcecode.swift; path = PreviewMetalView.swift; sourceTree = "<group>"; };
		C96EA3E728C50997006264E5 /* FilterRenderer.swift */ = {isa = PBXFileReference; lastKnownFileType = sourcecode.swift; path = FilterRenderer.swift; sourceTree = "<group>"; };
		C96EA3EA28C50A14006264E5 /* DepthToJETConverter.swift */ = {isa = PBXFileReference; lastKnownFileType = sourcecode.swift; path = DepthToJETConverter.swift; sourceTree = "<group>"; };
		C96EA3F028C50A61006264E5 /* PointCloud.metal */ = {isa = PBXFileReference; fileEncoding = 4; lastKnownFileType = sourcecode.metal; path = PointCloud.metal; sourceTree = "<group>"; };
		C96EA3F128C50A61006264E5 /* Mixer.metal */ = {isa = PBXFileReference; fileEncoding = 4; lastKnownFileType = sourcecode.metal; path = Mixer.metal; sourceTree = "<group>"; };
		C96EA3F228C50A61006264E5 /* DepthToJET.metal */ = {isa = PBXFileReference; fileEncoding = 4; lastKnownFileType = sourcecode.metal; path = DepthToJET.metal; sourceTree = "<group>"; };
		C96EA3F328C50A61006264E5 /* PassThrough.metal */ = {isa = PBXFileReference; fileEncoding = 4; lastKnownFileType = sourcecode.metal; path = PassThrough.metal; sourceTree = "<group>"; };
		C96EA3F828C50FC0006264E5 /* PreviewMetalView+Rotation.swift */ = {isa = PBXFileReference; lastKnownFileType = sourcecode.swift; path = "PreviewMetalView+Rotation.swift"; sourceTree = "<group>"; };
		C96EA3FE28C5107B006264E5 /* AVCaptureVideoOrientation+Orientation.swift */ = {isa = PBXFileReference; lastKnownFileType = sourcecode.swift; path = "AVCaptureVideoOrientation+Orientation.swift"; sourceTree = "<group>"; };
		C96EA40128C51269006264E5 /* MakeDefaultView.swift */ = {isa = PBXFileReference; lastKnownFileType = sourcecode.swift; path = MakeDefaultView.swift; sourceTree = "<group>"; };
		C96EA40428C5130E006264E5 /* CustomError.swift */ = {isa = PBXFileReference; lastKnownFileType = sourcecode.swift; path = CustomError.swift; sourceTree = "<group>"; };
		C96EA40628C5136E006264E5 /* AnyPublisher+Shorthands.swift */ = {isa = PBXFileReference; lastKnownFileType = sourcecode.swift; path = "AnyPublisher+Shorthands.swift"; sourceTree = "<group>"; };
		C96EA40C28C5270E006264E5 /* Darksee-Bridging-Header.h */ = {isa = PBXFileReference; lastKnownFileType = sourcecode.c.h; path = "Darksee-Bridging-Header.h"; sourceTree = "<group>"; };
		C96EA40D28C5270F006264E5 /* HistogramCalculator.m */ = {isa = PBXFileReference; fileEncoding = 4; lastKnownFileType = sourcecode.c.objc; path = HistogramCalculator.m; sourceTree = "<group>"; };
		C96EA40E28C5270F006264E5 /* HistogramCalculator.h */ = {isa = PBXFileReference; fileEncoding = 4; lastKnownFileType = sourcecode.c.h; path = HistogramCalculator.h; sourceTree = "<group>"; };
		C96EA41128C52730006264E5 /* PointCloudMetalView.h */ = {isa = PBXFileReference; fileEncoding = 4; lastKnownFileType = sourcecode.c.h; path = PointCloudMetalView.h; sourceTree = "<group>"; };
		C96EA41228C52730006264E5 /* AAPLTransforms.mm */ = {isa = PBXFileReference; fileEncoding = 4; lastKnownFileType = sourcecode.cpp.objcpp; path = AAPLTransforms.mm; sourceTree = "<group>"; };
		C96EA41328C52730006264E5 /* AAPLTransforms.h */ = {isa = PBXFileReference; fileEncoding = 4; lastKnownFileType = sourcecode.c.h; path = AAPLTransforms.h; sourceTree = "<group>"; };
		C96EA41428C52730006264E5 /* PointCloudMetalView.mm */ = {isa = PBXFileReference; fileEncoding = 4; lastKnownFileType = sourcecode.cpp.objcpp; path = PointCloudMetalView.mm; sourceTree = "<group>"; };
		C96EA41928C56330006264E5 /* RoundedButtonView.swift */ = {isa = PBXFileReference; lastKnownFileType = sourcecode.swift; path = RoundedButtonView.swift; sourceTree = "<group>"; };
		C96EA41B28C56DEF006264E5 /* ScreenBrightness.swift */ = {isa = PBXFileReference; lastKnownFileType = sourcecode.swift; path = ScreenBrightness.swift; sourceTree = "<group>"; };
		C96EA42328C57AC0006264E5 /* ErrorViewController.swift */ = {isa = PBXFileReference; fileEncoding = 4; lastKnownFileType = sourcecode.swift; path = ErrorViewController.swift; sourceTree = "<group>"; };
		C96EA42728C57AC0006264E5 /* ErrorViews.swift */ = {isa = PBXFileReference; fileEncoding = 4; lastKnownFileType = sourcecode.swift; path = ErrorViews.swift; sourceTree = "<group>"; };
		C96EA42828C57AC0006264E5 /* ErrorViews+RootView.swift */ = {isa = PBXFileReference; fileEncoding = 4; lastKnownFileType = sourcecode.swift; path = "ErrorViews+RootView.swift"; sourceTree = "<group>"; };
		C96EA42928C57AC0006264E5 /* ErrorConfigurator.swift */ = {isa = PBXFileReference; fileEncoding = 4; lastKnownFileType = sourcecode.swift; path = ErrorConfigurator.swift; sourceTree = "<group>"; };
		D001EA231ABD0AE71ACED065 /* Pods-Darksee.debug.xcconfig */ = {isa = PBXFileReference; includeInIndex = 1; lastKnownFileType = text.xcconfig; name = "Pods-Darksee.debug.xcconfig"; path = "Target Support Files/Pods-Darksee/Pods-Darksee.debug.xcconfig"; sourceTree = "<group>"; };
		F42DE605260CF7ED00FBB988 /* README.md */ = {isa = PBXFileReference; lastKnownFileType = net.daringfireball.markdown; path = README.md; sourceTree = "<group>"; };
		F443AE472606C42C00057CAC /* Darksee.app */ = {isa = PBXFileReference; explicitFileType = wrapper.application; includeInIndex = 0; path = Darksee.app; sourceTree = BUILT_PRODUCTS_DIR; };
		F443AE4A2606C42C00057CAC /* AppDelegate.swift */ = {isa = PBXFileReference; lastKnownFileType = sourcecode.swift; path = AppDelegate.swift; sourceTree = "<group>"; };
		F443AE4C2606C42C00057CAC /* SceneDelegate.swift */ = {isa = PBXFileReference; lastKnownFileType = sourcecode.swift; path = SceneDelegate.swift; sourceTree = "<group>"; };
		F443AE532606C42E00057CAC /* Assets.xcassets */ = {isa = PBXFileReference; lastKnownFileType = folder.assetcatalog; path = Assets.xcassets; sourceTree = "<group>"; };
		F443AE562606C42E00057CAC /* Base */ = {isa = PBXFileReference; lastKnownFileType = file.storyboard; name = Base; path = Base.lproj/LaunchScreen.storyboard; sourceTree = "<group>"; };
		F443AE582606C42E00057CAC /* Info.plist */ = {isa = PBXFileReference; lastKnownFileType = text.plist.xml; path = Info.plist; sourceTree = "<group>"; };
/* End PBXFileReference section */

/* Begin PBXFrameworksBuildPhase section */
		F443AE442606C42C00057CAC /* Frameworks */ = {
			isa = PBXFrameworksBuildPhase;
			buildActionMask = 2147483647;
			files = (
				0F3E71E69A83E56F4C263CA5 /* Pods_Darksee.framework in Frameworks */,
			);
			runOnlyForDeploymentPostprocessing = 0;
		};
/* End PBXFrameworksBuildPhase section */

/* Begin PBXGroup section */
		47E303ECFF961DE86305ADF4 /* Pods */ = {
			isa = PBXGroup;
			children = (
				D001EA231ABD0AE71ACED065 /* Pods-Darksee.debug.xcconfig */,
				3FF52E95972B0DC8330AD85D /* Pods-Darksee.release.xcconfig */,
			);
			path = Pods;
			sourceTree = "<group>";
		};
		718BA0DFF6946ABF2C15F689 /* Frameworks */ = {
			isa = PBXGroup;
			children = (
				11D12A7604C61EE6D92942FA /* Pods_Darksee.framework */,
			);
			name = Frameworks;
			sourceTree = "<group>";
		};
		C96EA3B428C5089D006264E5 /* Scenes */ = {
			isa = PBXGroup;
			children = (
				C96EA3B728C508BD006264E5 /* Main */,
				C96EA41F28C57AC0006264E5 /* Error */,
			);
			path = Scenes;
			sourceTree = "<group>";
		};
		C96EA3B728C508BD006264E5 /* Main */ = {
			isa = PBXGroup;
			children = (
				C96EA3B828C508BD006264E5 /* MainConfigurator.swift */,
				C96EA3B928C508BD006264E5 /* MainViewController.swift */,
				C96EA3BA28C508BD006264E5 /* MainInteractor.swift */,
				C96EA3BB28C508BD006264E5 /* MainPresenter.swift */,
				C96EA3BC28C508BD006264E5 /* MainRouter.swift */,
				C96EA3BD28C508BD006264E5 /* MainWorker.swift */,
				C96EA3BE28C508BD006264E5 /* MainModels.swift */,
				C96EA3BF28C508BD006264E5 /* Views */,
			);
			path = Main;
			sourceTree = "<group>";
		};
		C96EA3BF28C508BD006264E5 /* Views */ = {
			isa = PBXGroup;
			children = (
				C96EA3C028C508BD006264E5 /* MainViews.swift */,
				C96EA3C128C508BD006264E5 /* MainViews+RootView.swift */,
			);
			path = Views;
			sourceTree = "<group>";
		};
		C96EA3E128C5092C006264E5 /* Metal */ = {
			isa = PBXGroup;
			children = (
				C96EA3E228C50936006264E5 /* PreviewMetalView.swift */,
				C96EA3F828C50FC0006264E5 /* PreviewMetalView+Rotation.swift */,
			);
			path = Metal;
			sourceTree = "<group>";
		};
		C96EA3E428C50954006264E5 /* Entries */ = {
			isa = PBXGroup;
			children = (
				C96EA41B28C56DEF006264E5 /* ScreenBrightness.swift */,
			);
			path = Entries;
			sourceTree = "<group>";
		};
		C96EA3E528C50981006264E5 /* PreviewGenerator */ = {
			isa = PBXGroup;
			children = (
				C96EA3EF28C50A61006264E5 /* Shaders */,
				C96EA3E128C5092C006264E5 /* Metal */,
				C96EA3E628C5098D006264E5 /* Filter */,
				C96EA3E928C50A06006264E5 /* JET */,
			);
			path = PreviewGenerator;
			sourceTree = "<group>";
		};
		C96EA3E628C5098D006264E5 /* Filter */ = {
			isa = PBXGroup;
			children = (
				C96EA3E728C50997006264E5 /* FilterRenderer.swift */,
			);
			path = Filter;
			sourceTree = "<group>";
		};
		C96EA3E928C50A06006264E5 /* JET */ = {
			isa = PBXGroup;
			children = (
				C96EA3EA28C50A14006264E5 /* DepthToJETConverter.swift */,
			);
			path = JET;
			sourceTree = "<group>";
		};
		C96EA3EF28C50A61006264E5 /* Shaders */ = {
			isa = PBXGroup;
			children = (
				C96EA3F028C50A61006264E5 /* PointCloud.metal */,
				C96EA3F128C50A61006264E5 /* Mixer.metal */,
				C96EA3F228C50A61006264E5 /* DepthToJET.metal */,
				C96EA3F328C50A61006264E5 /* PassThrough.metal */,
			);
			path = Shaders;
			sourceTree = "<group>";
		};
		C96EA3FD28C51060006264E5 /* Extensions */ = {
			isa = PBXGroup;
			children = (
				C96EA3FE28C5107B006264E5 /* AVCaptureVideoOrientation+Orientation.swift */,
				C96EA40628C5136E006264E5 /* AnyPublisher+Shorthands.swift */,
			);
			path = Extensions;
			sourceTree = "<group>";
		};
		C96EA40028C5125A006264E5 /* Views */ = {
			isa = PBXGroup;
			children = (
				C96EA40128C51269006264E5 /* MakeDefaultView.swift */,
				C96EA41928C56330006264E5 /* RoundedButtonView.swift */,
			);
			path = Views;
			sourceTree = "<group>";
		};
		C96EA40328C51305006264E5 /* Common */ = {
			isa = PBXGroup;
			children = (
				C96EA40428C5130E006264E5 /* CustomError.swift */,
			);
			path = Common;
			sourceTree = "<group>";
		};
		C96EA40828C526C7006264E5 /* Utilities */ = {
			isa = PBXGroup;
			children = (
				C96EA3FD28C51060006264E5 /* Extensions */,
				C96EA43528C584FE006264E5 /* HistogramCalculator */,
				C96EA3E528C50981006264E5 /* PreviewGenerator */,
				C96EA41028C52730006264E5 /* PointCloud */,
				C96EA40C28C5270E006264E5 /* Darksee-Bridging-Header.h */,
			);
			path = Utilities;
			sourceTree = "<group>";
		};
		C96EA41028C52730006264E5 /* PointCloud */ = {
			isa = PBXGroup;
			children = (
				C96EA41128C52730006264E5 /* PointCloudMetalView.h */,
				C96EA41228C52730006264E5 /* AAPLTransforms.mm */,
				C96EA41328C52730006264E5 /* AAPLTransforms.h */,
				C96EA41428C52730006264E5 /* PointCloudMetalView.mm */,
			);
			path = PointCloud;
			sourceTree = "<group>";
		};
		C96EA41F28C57AC0006264E5 /* Error */ = {
			isa = PBXGroup;
			children = (
				C96EA42328C57AC0006264E5 /* ErrorViewController.swift */,
				C96EA42928C57AC0006264E5 /* ErrorConfigurator.swift */,
				C96EA42628C57AC0006264E5 /* Views */,
			);
			path = Error;
			sourceTree = "<group>";
		};
		C96EA42628C57AC0006264E5 /* Views */ = {
			isa = PBXGroup;
			children = (
				C96EA42728C57AC0006264E5 /* ErrorViews.swift */,
				C96EA42828C57AC0006264E5 /* ErrorViews+RootView.swift */,
			);
			path = Views;
			sourceTree = "<group>";
		};
		C96EA43528C584FE006264E5 /* HistogramCalculator */ = {
			isa = PBXGroup;
			children = (
				C96EA40E28C5270F006264E5 /* HistogramCalculator.h */,
				C96EA40D28C5270F006264E5 /* HistogramCalculator.m */,
			);
			path = HistogramCalculator;
			sourceTree = "<group>";
		};
		F443AE3E2606C42C00057CAC = {
			isa = PBXGroup;
			children = (
				F42DE605260CF7ED00FBB988 /* README.md */,
				F443AE492606C42C00057CAC /* Darksee */,
				F443AE482606C42C00057CAC /* Products */,
				47E303ECFF961DE86305ADF4 /* Pods */,
				718BA0DFF6946ABF2C15F689 /* Frameworks */,
			);
			sourceTree = "<group>";
		};
		F443AE482606C42C00057CAC /* Products */ = {
			isa = PBXGroup;
			children = (
				F443AE472606C42C00057CAC /* Darksee.app */,
			);
			name = Products;
			sourceTree = "<group>";
		};
		F443AE492606C42C00057CAC /* Darksee */ = {
			isa = PBXGroup;
			children = (
				F443AE4A2606C42C00057CAC /* AppDelegate.swift */,
				F443AE4C2606C42C00057CAC /* SceneDelegate.swift */,
				C96EA40328C51305006264E5 /* Common */,
				C96EA40828C526C7006264E5 /* Utilities */,
				C96EA40028C5125A006264E5 /* Views */,
				C96EA3E428C50954006264E5 /* Entries */,
				C96EA3B428C5089D006264E5 /* Scenes */,
				F443AE532606C42E00057CAC /* Assets.xcassets */,
				F443AE552606C42E00057CAC /* LaunchScreen.storyboard */,
				F443AE582606C42E00057CAC /* Info.plist */,
			);
			path = Darksee;
			sourceTree = "<group>";
		};
/* End PBXGroup section */

/* Begin PBXNativeTarget section */
		F443AE462606C42C00057CAC /* Darksee */ = {
			isa = PBXNativeTarget;
			buildConfigurationList = F443AE5B2606C42E00057CAC /* Build configuration list for PBXNativeTarget "Darksee" */;
			buildPhases = (
				30CC3D8A5180CD68B90AA94C /* [CP] Check Pods Manifest.lock */,
				F443AE432606C42C00057CAC /* Sources */,
				F443AE442606C42C00057CAC /* Frameworks */,
				F443AE452606C42C00057CAC /* Resources */,
			);
			buildRules = (
			);
			dependencies = (
			);
			name = Darksee;
			productName = Darksee;
			productReference = F443AE472606C42C00057CAC /* Darksee.app */;
			productType = "com.apple.product-type.application";
		};
/* End PBXNativeTarget section */

/* Begin PBXProject section */
		F443AE3F2606C42C00057CAC /* Project object */ = {
			isa = PBXProject;
			attributes = {
				LastSwiftUpdateCheck = 1240;
				LastUpgradeCheck = 1240;
				TargetAttributes = {
					F443AE462606C42C00057CAC = {
						CreatedOnToolsVersion = 12.4;
						LastSwiftMigration = 1340;
					};
				};
			};
			buildConfigurationList = F443AE422606C42C00057CAC /* Build configuration list for PBXProject "Darksee" */;
			compatibilityVersion = "Xcode 9.3";
			developmentRegion = en;
			hasScannedForEncodings = 0;
			knownRegions = (
				en,
				Base,
			);
			mainGroup = F443AE3E2606C42C00057CAC;
			productRefGroup = F443AE482606C42C00057CAC /* Products */;
			projectDirPath = "";
			projectRoot = "";
			targets = (
				F443AE462606C42C00057CAC /* Darksee */,
			);
		};
/* End PBXProject section */

/* Begin PBXResourcesBuildPhase section */
		F443AE452606C42C00057CAC /* Resources */ = {
			isa = PBXResourcesBuildPhase;
			buildActionMask = 2147483647;
			files = (
				F443AE572606C42E00057CAC /* LaunchScreen.storyboard in Resources */,
				F443AE542606C42E00057CAC /* Assets.xcassets in Resources */,
				F42DE606260CF7ED00FBB988 /* README.md in Resources */,
			);
			runOnlyForDeploymentPostprocessing = 0;
		};
/* End PBXResourcesBuildPhase section */

/* Begin PBXShellScriptBuildPhase section */
		30CC3D8A5180CD68B90AA94C /* [CP] Check Pods Manifest.lock */ = {
			isa = PBXShellScriptBuildPhase;
			buildActionMask = 2147483647;
			files = (
			);
			inputFileListPaths = (
			);
			inputPaths = (
				"${PODS_PODFILE_DIR_PATH}/Podfile.lock",
				"${PODS_ROOT}/Manifest.lock",
			);
			name = "[CP] Check Pods Manifest.lock";
			outputFileListPaths = (
			);
			outputPaths = (
				"$(DERIVED_FILE_DIR)/Pods-Darksee-checkManifestLockResult.txt",
			);
			runOnlyForDeploymentPostprocessing = 0;
			shellPath = /bin/sh;
			shellScript = "diff \"${PODS_PODFILE_DIR_PATH}/Podfile.lock\" \"${PODS_ROOT}/Manifest.lock\" > /dev/null\nif [ $? != 0 ] ; then\n    # print error to STDERR\n    echo \"error: The sandbox is not in sync with the Podfile.lock. Run 'pod install' or update your CocoaPods installation.\" >&2\n    exit 1\nfi\n# This output is used by Xcode 'outputs' to avoid re-running this script phase.\necho \"SUCCESS\" > \"${SCRIPT_OUTPUT_FILE_0}\"\n";
			showEnvVarsInLog = 0;
		};
/* End PBXShellScriptBuildPhase section */

/* Begin PBXSourcesBuildPhase section */
		F443AE432606C42C00057CAC /* Sources */ = {
			isa = PBXSourcesBuildPhase;
			buildActionMask = 2147483647;
			files = (
				C96EA3F528C50A61006264E5 /* Mixer.metal in Sources */,
				C96EA42D28C57AC0006264E5 /* ErrorViewController.swift in Sources */,
				C96EA3CA28C508BD006264E5 /* MainViews+RootView.swift in Sources */,
				C96EA40228C51269006264E5 /* MakeDefaultView.swift in Sources */,
				C96EA3E328C50936006264E5 /* PreviewMetalView.swift in Sources */,
				C96EA41528C52730006264E5 /* AAPLTransforms.mm in Sources */,
				C96EA3C828C508BD006264E5 /* MainModels.swift in Sources */,
				C96EA43228C57AC0006264E5 /* ErrorConfigurator.swift in Sources */,
				F443AE4B2606C42C00057CAC /* AppDelegate.swift in Sources */,
				C96EA3C328C508BD006264E5 /* MainViewController.swift in Sources */,
				C96EA3FF28C5107B006264E5 /* AVCaptureVideoOrientation+Orientation.swift in Sources */,
				C96EA40728C5136E006264E5 /* AnyPublisher+Shorthands.swift in Sources */,
				C96EA3EB28C50A14006264E5 /* DepthToJETConverter.swift in Sources */,
				C96EA3F728C50A61006264E5 /* PassThrough.metal in Sources */,
				C96EA3F928C50FC0006264E5 /* PreviewMetalView+Rotation.swift in Sources */,
				C96EA40F28C5270F006264E5 /* HistogramCalculator.m in Sources */,
				C96EA3C528C508BD006264E5 /* MainPresenter.swift in Sources */,
				C96EA43028C57AC0006264E5 /* ErrorViews.swift in Sources */,
				C96EA41628C52730006264E5 /* PointCloudMetalView.mm in Sources */,
				F443AE4D2606C42C00057CAC /* SceneDelegate.swift in Sources */,
				C96EA40528C5130E006264E5 /* CustomError.swift in Sources */,
				C96EA3C428C508BD006264E5 /* MainInteractor.swift in Sources */,
				C96EA3E828C50997006264E5 /* FilterRenderer.swift in Sources */,
				C96EA41A28C56330006264E5 /* RoundedButtonView.swift in Sources */,
				C96EA41C28C56DEF006264E5 /* ScreenBrightness.swift in Sources */,
				C96EA3C228C508BD006264E5 /* MainConfigurator.swift in Sources */,
				C96EA43128C57AC0006264E5 /* ErrorViews+RootView.swift in Sources */,
				C96EA3C728C508BD006264E5 /* MainWorker.swift in Sources */,
				C96EA3F628C50A61006264E5 /* DepthToJET.metal in Sources */,
				C96EA3C628C508BD006264E5 /* MainRouter.swift in Sources */,
				C96EA3F428C50A61006264E5 /* PointCloud.metal in Sources */,
				C96EA3C928C508BD006264E5 /* MainViews.swift in Sources */,
			);
			runOnlyForDeploymentPostprocessing = 0;
		};
/* End PBXSourcesBuildPhase section */

/* Begin PBXVariantGroup section */
		F443AE552606C42E00057CAC /* LaunchScreen.storyboard */ = {
			isa = PBXVariantGroup;
			children = (
				F443AE562606C42E00057CAC /* Base */,
			);
			name = LaunchScreen.storyboard;
			sourceTree = "<group>";
		};
/* End PBXVariantGroup section */

/* Begin XCBuildConfiguration section */
		F443AE592606C42E00057CAC /* Debug */ = {
			isa = XCBuildConfiguration;
			buildSettings = {
				ALWAYS_SEARCH_USER_PATHS = NO;
				CLANG_ANALYZER_NONNULL = YES;
				CLANG_ANALYZER_NUMBER_OBJECT_CONVERSION = YES_AGGRESSIVE;
				CLANG_CXX_LANGUAGE_STANDARD = "gnu++14";
				CLANG_CXX_LIBRARY = "libc++";
				CLANG_ENABLE_MODULES = YES;
				CLANG_ENABLE_OBJC_ARC = YES;
				CLANG_ENABLE_OBJC_WEAK = YES;
				CLANG_WARN_BLOCK_CAPTURE_AUTORELEASING = YES;
				CLANG_WARN_BOOL_CONVERSION = YES;
				CLANG_WARN_COMMA = YES;
				CLANG_WARN_CONSTANT_CONVERSION = YES;
				CLANG_WARN_DEPRECATED_OBJC_IMPLEMENTATIONS = YES;
				CLANG_WARN_DIRECT_OBJC_ISA_USAGE = YES_ERROR;
				CLANG_WARN_DOCUMENTATION_COMMENTS = YES;
				CLANG_WARN_EMPTY_BODY = YES;
				CLANG_WARN_ENUM_CONVERSION = YES;
				CLANG_WARN_INFINITE_RECURSION = YES;
				CLANG_WARN_INT_CONVERSION = YES;
				CLANG_WARN_NON_LITERAL_NULL_CONVERSION = YES;
				CLANG_WARN_OBJC_IMPLICIT_RETAIN_SELF = YES;
				CLANG_WARN_OBJC_LITERAL_CONVERSION = YES;
				CLANG_WARN_OBJC_ROOT_CLASS = YES_ERROR;
				CLANG_WARN_QUOTED_INCLUDE_IN_FRAMEWORK_HEADER = YES;
				CLANG_WARN_RANGE_LOOP_ANALYSIS = YES;
				CLANG_WARN_STRICT_PROTOTYPES = YES;
				CLANG_WARN_SUSPICIOUS_MOVE = YES;
				CLANG_WARN_UNGUARDED_AVAILABILITY = YES_AGGRESSIVE;
				CLANG_WARN_UNREACHABLE_CODE = YES;
				CLANG_WARN__DUPLICATE_METHOD_MATCH = YES;
				COPY_PHASE_STRIP = NO;
				DEBUG_INFORMATION_FORMAT = dwarf;
				ENABLE_STRICT_OBJC_MSGSEND = YES;
				ENABLE_TESTABILITY = YES;
				GCC_C_LANGUAGE_STANDARD = gnu11;
				GCC_DYNAMIC_NO_PIC = NO;
				GCC_NO_COMMON_BLOCKS = YES;
				GCC_OPTIMIZATION_LEVEL = 0;
				GCC_PREPROCESSOR_DEFINITIONS = (
					"DEBUG=1",
					"$(inherited)",
				);
				GCC_WARN_64_TO_32_BIT_CONVERSION = YES;
				GCC_WARN_ABOUT_RETURN_TYPE = YES_ERROR;
				GCC_WARN_UNDECLARED_SELECTOR = YES;
				GCC_WARN_UNINITIALIZED_AUTOS = YES_AGGRESSIVE;
				GCC_WARN_UNUSED_FUNCTION = YES;
				GCC_WARN_UNUSED_VARIABLE = YES;
				IPHONEOS_DEPLOYMENT_TARGET = 14.4;
				MTL_ENABLE_DEBUG_INFO = INCLUDE_SOURCE;
				MTL_FAST_MATH = YES;
				ONLY_ACTIVE_ARCH = YES;
				SDKROOT = iphoneos;
				SWIFT_ACTIVE_COMPILATION_CONDITIONS = DEBUG;
				SWIFT_OPTIMIZATION_LEVEL = "-Onone";
			};
			name = Debug;
		};
		F443AE5A2606C42E00057CAC /* Release */ = {
			isa = XCBuildConfiguration;
			buildSettings = {
				ALWAYS_SEARCH_USER_PATHS = NO;
				CLANG_ANALYZER_NONNULL = YES;
				CLANG_ANALYZER_NUMBER_OBJECT_CONVERSION = YES_AGGRESSIVE;
				CLANG_CXX_LANGUAGE_STANDARD = "gnu++14";
				CLANG_CXX_LIBRARY = "libc++";
				CLANG_ENABLE_MODULES = YES;
				CLANG_ENABLE_OBJC_ARC = YES;
				CLANG_ENABLE_OBJC_WEAK = YES;
				CLANG_WARN_BLOCK_CAPTURE_AUTORELEASING = YES;
				CLANG_WARN_BOOL_CONVERSION = YES;
				CLANG_WARN_COMMA = YES;
				CLANG_WARN_CONSTANT_CONVERSION = YES;
				CLANG_WARN_DEPRECATED_OBJC_IMPLEMENTATIONS = YES;
				CLANG_WARN_DIRECT_OBJC_ISA_USAGE = YES_ERROR;
				CLANG_WARN_DOCUMENTATION_COMMENTS = YES;
				CLANG_WARN_EMPTY_BODY = YES;
				CLANG_WARN_ENUM_CONVERSION = YES;
				CLANG_WARN_INFINITE_RECURSION = YES;
				CLANG_WARN_INT_CONVERSION = YES;
				CLANG_WARN_NON_LITERAL_NULL_CONVERSION = YES;
				CLANG_WARN_OBJC_IMPLICIT_RETAIN_SELF = YES;
				CLANG_WARN_OBJC_LITERAL_CONVERSION = YES;
				CLANG_WARN_OBJC_ROOT_CLASS = YES_ERROR;
				CLANG_WARN_QUOTED_INCLUDE_IN_FRAMEWORK_HEADER = YES;
				CLANG_WARN_RANGE_LOOP_ANALYSIS = YES;
				CLANG_WARN_STRICT_PROTOTYPES = YES;
				CLANG_WARN_SUSPICIOUS_MOVE = YES;
				CLANG_WARN_UNGUARDED_AVAILABILITY = YES_AGGRESSIVE;
				CLANG_WARN_UNREACHABLE_CODE = YES;
				CLANG_WARN__DUPLICATE_METHOD_MATCH = YES;
				COPY_PHASE_STRIP = NO;
				DEBUG_INFORMATION_FORMAT = "dwarf-with-dsym";
				ENABLE_NS_ASSERTIONS = NO;
				ENABLE_STRICT_OBJC_MSGSEND = YES;
				GCC_C_LANGUAGE_STANDARD = gnu11;
				GCC_NO_COMMON_BLOCKS = YES;
				GCC_WARN_64_TO_32_BIT_CONVERSION = YES;
				GCC_WARN_ABOUT_RETURN_TYPE = YES_ERROR;
				GCC_WARN_UNDECLARED_SELECTOR = YES;
				GCC_WARN_UNINITIALIZED_AUTOS = YES_AGGRESSIVE;
				GCC_WARN_UNUSED_FUNCTION = YES;
				GCC_WARN_UNUSED_VARIABLE = YES;
				IPHONEOS_DEPLOYMENT_TARGET = 14.4;
				MTL_ENABLE_DEBUG_INFO = NO;
				MTL_FAST_MATH = YES;
				SDKROOT = iphoneos;
				SWIFT_COMPILATION_MODE = wholemodule;
				SWIFT_OPTIMIZATION_LEVEL = "-O";
				VALIDATE_PRODUCT = YES;
			};
			name = Release;
		};
		F443AE5C2606C42E00057CAC /* Debug */ = {
			isa = XCBuildConfiguration;
			baseConfigurationReference = D001EA231ABD0AE71ACED065 /* Pods-Darksee.debug.xcconfig */;
			buildSettings = {
				ASSETCATALOG_COMPILER_APPICON_NAME = AppIcon;
				ASSETCATALOG_COMPILER_GLOBAL_ACCENT_COLOR_NAME = AccentColor;
				CLANG_ENABLE_MODULES = YES;
				CODE_SIGN_IDENTITY = "Apple Development";
				CODE_SIGN_STYLE = Automatic;
				DEVELOPMENT_TEAM = GL8994GPA6;
				INFOPLIST_FILE = Darksee/Info.plist;
				IPHONEOS_DEPLOYMENT_TARGET = 15.4;
				LD_RUNPATH_SEARCH_PATHS = (
					"$(inherited)",
					"@executable_path/Frameworks",
				);
				PRODUCT_BUNDLE_IDENTIFIER = com.liudasbar.Darksee;
				PRODUCT_NAME = "$(TARGET_NAME)";
				PROVISIONING_PROFILE_SPECIFIER = "";
				SWIFT_OBJC_BRIDGING_HEADER = "Darksee/Utilities/Darksee-Bridging-Header.h";
				SWIFT_OPTIMIZATION_LEVEL = "-Onone";
				SWIFT_VERSION = 5.0;
				TARGETED_DEVICE_FAMILY = "1,2";
			};
			name = Debug;
		};
		F443AE5D2606C42E00057CAC /* Release */ = {
			isa = XCBuildConfiguration;
			baseConfigurationReference = 3FF52E95972B0DC8330AD85D /* Pods-Darksee.release.xcconfig */;
			buildSettings = {
				ASSETCATALOG_COMPILER_APPICON_NAME = AppIcon;
				ASSETCATALOG_COMPILER_GLOBAL_ACCENT_COLOR_NAME = AccentColor;
				CLANG_ENABLE_MODULES = YES;
				CODE_SIGN_IDENTITY = "Apple Development";
				CODE_SIGN_STYLE = Automatic;
				DEVELOPMENT_TEAM = GL8994GPA6;
				INFOPLIST_FILE = Darksee/Info.plist;
				IPHONEOS_DEPLOYMENT_TARGET = 15.4;
				LD_RUNPATH_SEARCH_PATHS = (
					"$(inherited)",
					"@executable_path/Frameworks",
				);
				PRODUCT_BUNDLE_IDENTIFIER = com.liudasbar.Darksee;
				PRODUCT_NAME = "$(TARGET_NAME)";
				PROVISIONING_PROFILE_SPECIFIER = "";
				SWIFT_OBJC_BRIDGING_HEADER = "Darksee/Utilities/Darksee-Bridging-Header.h";
				SWIFT_VERSION = 5.0;
				TARGETED_DEVICE_FAMILY = "1,2";
			};
			name = Release;
		};
/* End XCBuildConfiguration section */

/* Begin XCConfigurationList section */
		F443AE422606C42C00057CAC /* Build configuration list for PBXProject "Darksee" */ = {
			isa = XCConfigurationList;
			buildConfigurations = (
				F443AE592606C42E00057CAC /* Debug */,
				F443AE5A2606C42E00057CAC /* Release */,
			);
			defaultConfigurationIsVisible = 0;
			defaultConfigurationName = Release;
		};
		F443AE5B2606C42E00057CAC /* Build configuration list for PBXNativeTarget "Darksee" */ = {
			isa = XCConfigurationList;
			buildConfigurations = (
				F443AE5C2606C42E00057CAC /* Debug */,
				F443AE5D2606C42E00057CAC /* Release */,
			);
			defaultConfigurationIsVisible = 0;
			defaultConfigurationName = Release;
		};
/* End XCConfigurationList section */
	};
	rootObject = F443AE3F2606C42C00057CAC /* Project object */;
}
